// !$*UTF8*$!
{
	archiveVersion = 1;
	classes = {
	};
	objectVersion = 50;
	objects = {

/* Begin PBXBuildFile section */
		96253BC8215642A9005D9F56 /* ResourceCollector.swift in Sources */ = {isa = PBXBuildFile; fileRef = 96253BC7215642A9005D9F56 /* ResourceCollector.swift */; };
		963DB8122185CB87005A6CC1 /* SettingsViewController.swift in Sources */ = {isa = PBXBuildFile; fileRef = 963DB8112185CB87005A6CC1 /* SettingsViewController.swift */; };
		963DB8142185CFDA005A6CC1 /* Settings.swift in Sources */ = {isa = PBXBuildFile; fileRef = 963DB8132185CFDA005A6CC1 /* Settings.swift */; };
		965199A7225B3D9C0017AF5F /* Persistence.swift in Sources */ = {isa = PBXBuildFile; fileRef = 965199A6225B3D9C0017AF5F /* Persistence.swift */; };
		968F35FB22561E1E001A8BFE /* PhotoBackup.xcdatamodeld in Sources */ = {isa = PBXBuildFile; fileRef = 968F35F922561E1E001A8BFE /* PhotoBackup.xcdatamodeld */; };
		9691D1E521477DE600C16349 /* AppDelegate.swift in Sources */ = {isa = PBXBuildFile; fileRef = 9691D1E421477DE600C16349 /* AppDelegate.swift */; };
		9691D1E721477DE600C16349 /* MainViewController.swift in Sources */ = {isa = PBXBuildFile; fileRef = 9691D1E621477DE600C16349 /* MainViewController.swift */; };
		9691D1EA21477DE600C16349 /* Main.storyboard in Resources */ = {isa = PBXBuildFile; fileRef = 9691D1E821477DE600C16349 /* Main.storyboard */; };
		9691D1EC21477DE600C16349 /* Assets.xcassets in Resources */ = {isa = PBXBuildFile; fileRef = 9691D1EB21477DE600C16349 /* Assets.xcassets */; };
		9691D1EF21477DE600C16349 /* LaunchScreen.storyboard in Resources */ = {isa = PBXBuildFile; fileRef = 9691D1ED21477DE600C16349 /* LaunchScreen.storyboard */; };
		9691D1FA21477DE600C16349 /* photobackupTests.swift in Sources */ = {isa = PBXBuildFile; fileRef = 9691D1F921477DE600C16349 /* photobackupTests.swift */; };
		9691D20521477DE600C16349 /* photobackupUITests.swift in Sources */ = {isa = PBXBuildFile; fileRef = 9691D20421477DE600C16349 /* photobackupUITests.swift */; };
		9691D213214797D200C16349 /* Core.swift in Sources */ = {isa = PBXBuildFile; fileRef = 9691D212214797D200C16349 /* Core.swift */; };
		9691D2172149575F00C16349 /* ChecksumCollector.swift in Sources */ = {isa = PBXBuildFile; fileRef = 9691D2162149575F00C16349 /* ChecksumCollector.swift */; };
		9691D220214A19C000C16349 /* DeviceId.swift in Sources */ = {isa = PBXBuildFile; fileRef = 9691D21A214A19BF00C16349 /* DeviceId.swift */; };
		9691D221214A19C000C16349 /* ResourcePresent.swift in Sources */ = {isa = PBXBuildFile; fileRef = 9691D21B214A19BF00C16349 /* ResourcePresent.swift */; };
		9691D222214A19C000C16349 /* AssetDescription.swift in Sources */ = {isa = PBXBuildFile; fileRef = 9691D21C214A19BF00C16349 /* AssetDescription.swift */; };
		9691D223214A19C000C16349 /* Checksum.swift in Sources */ = {isa = PBXBuildFile; fileRef = 9691D21D214A19BF00C16349 /* Checksum.swift */; };
		9691D225214A19C000C16349 /* ImageUploadResponse.swift in Sources */ = {isa = PBXBuildFile; fileRef = 9691D21F214A19BF00C16349 /* ImageUploadResponse.swift */; };
		9691D228214A38A700C16349 /* InvalidArgument.swift in Sources */ = {isa = PBXBuildFile; fileRef = 9691D227214A38A700C16349 /* InvalidArgument.swift */; };
		9691D22A214A397300C16349 /* CheckSize.swift in Sources */ = {isa = PBXBuildFile; fileRef = 9691D229214A397300C16349 /* CheckSize.swift */; };
		9691D22C214A3B8700C16349 /* Block.swift in Sources */ = {isa = PBXBuildFile; fileRef = 9691D22B214A3B8700C16349 /* Block.swift */; };
		9691D22E214A49C600C16349 /* DateConversion.swift in Sources */ = {isa = PBXBuildFile; fileRef = 9691D22D214A49C600C16349 /* DateConversion.swift */; };
		9691D230214A54F500C16349 /* AssetCollector.swift in Sources */ = {isa = PBXBuildFile; fileRef = 9691D22F214A54F500C16349 /* AssetCollector.swift */; };
		9691D232214A554300C16349 /* Asset.swift in Sources */ = {isa = PBXBuildFile; fileRef = 9691D231214A554300C16349 /* Asset.swift */; };
		9691D235214A5A9700C16349 /* Resource.swift in Sources */ = {isa = PBXBuildFile; fileRef = 9691D234214A5A9700C16349 /* Resource.swift */; };
		9691D237214A740D00C16349 /* PhotoKitEnums.swift in Sources */ = {isa = PBXBuildFile; fileRef = 9691D236214A740D00C16349 /* PhotoKitEnums.swift */; };
		9691D239214A888100C16349 /* AssetReport.swift in Sources */ = {isa = PBXBuildFile; fileRef = 9691D238214A888100C16349 /* AssetReport.swift */; };
		9691D23B214AC44C00C16349 /* MissingAssets.swift in Sources */ = {isa = PBXBuildFile; fileRef = 9691D23A214AC44C00C16349 /* MissingAssets.swift */; };
		9691D23D214BBDF200C16349 /* ResourceDescription.swift in Sources */ = {isa = PBXBuildFile; fileRef = 9691D23C214BBDF100C16349 /* ResourceDescription.swift */; };
		9691D23F214BCA5E00C16349 /* NumberConversion.swift in Sources */ = {isa = PBXBuildFile; fileRef = 9691D23E214BCA5E00C16349 /* NumberConversion.swift */; };
		9691D241214BE67600C16349 /* Hashing.swift in Sources */ = {isa = PBXBuildFile; fileRef = 9691D240214BE67600C16349 /* Hashing.swift */; };
/* End PBXBuildFile section */

/* Begin PBXContainerItemProxy section */
		9691D1F621477DE600C16349 /* PBXContainerItemProxy */ = {
			isa = PBXContainerItemProxy;
			containerPortal = 9691D1D921477DE600C16349 /* Project object */;
			proxyType = 1;
			remoteGlobalIDString = 9691D1E021477DE600C16349;
			remoteInfo = photobackup;
		};
		9691D20121477DE600C16349 /* PBXContainerItemProxy */ = {
			isa = PBXContainerItemProxy;
			containerPortal = 9691D1D921477DE600C16349 /* Project object */;
			proxyType = 1;
			remoteGlobalIDString = 9691D1E021477DE600C16349;
			remoteInfo = photobackup;
		};
/* End PBXContainerItemProxy section */

/* Begin PBXFileReference section */
		96253BC7215642A9005D9F56 /* ResourceCollector.swift */ = {isa = PBXFileReference; lastKnownFileType = sourcecode.swift; path = ResourceCollector.swift; sourceTree = "<group>"; };
		963DB8112185CB87005A6CC1 /* SettingsViewController.swift */ = {isa = PBXFileReference; lastKnownFileType = sourcecode.swift; path = SettingsViewController.swift; sourceTree = "<group>"; };
		963DB8132185CFDA005A6CC1 /* Settings.swift */ = {isa = PBXFileReference; lastKnownFileType = sourcecode.swift; path = Settings.swift; sourceTree = "<group>"; };
		963DC8E622884BD9006D8821 /* privacy.md */ = {isa = PBXFileReference; lastKnownFileType = net.daringfireball.markdown; path = privacy.md; sourceTree = "<group>"; };
		965199A6225B3D9C0017AF5F /* Persistence.swift */ = {isa = PBXFileReference; lastKnownFileType = sourcecode.swift; path = Persistence.swift; sourceTree = "<group>"; };
		968F35FA22561E1E001A8BFE /* photo_backup.xcdatamodel */ = {isa = PBXFileReference; lastKnownFileType = wrapper.xcdatamodel; path = photo_backup.xcdatamodel; sourceTree = "<group>"; };
		9691D1E121477DE600C16349 /* photobackup.app */ = {isa = PBXFileReference; explicitFileType = wrapper.application; includeInIndex = 0; path = photobackup.app; sourceTree = BUILT_PRODUCTS_DIR; };
		9691D1E421477DE600C16349 /* AppDelegate.swift */ = {isa = PBXFileReference; lastKnownFileType = sourcecode.swift; path = AppDelegate.swift; sourceTree = "<group>"; };
		9691D1E621477DE600C16349 /* MainViewController.swift */ = {isa = PBXFileReference; lastKnownFileType = sourcecode.swift; path = MainViewController.swift; sourceTree = "<group>"; };
		9691D1E921477DE600C16349 /* Base */ = {isa = PBXFileReference; lastKnownFileType = file.storyboard; name = Base; path = Base.lproj/Main.storyboard; sourceTree = "<group>"; };
		9691D1EB21477DE600C16349 /* Assets.xcassets */ = {isa = PBXFileReference; lastKnownFileType = folder.assetcatalog; path = Assets.xcassets; sourceTree = "<group>"; };
		9691D1EE21477DE600C16349 /* Base */ = {isa = PBXFileReference; lastKnownFileType = file.storyboard; name = Base; path = Base.lproj/LaunchScreen.storyboard; sourceTree = "<group>"; };
		9691D1F021477DE600C16349 /* Info.plist */ = {isa = PBXFileReference; lastKnownFileType = text.plist.xml; path = Info.plist; sourceTree = "<group>"; };
		9691D1F521477DE600C16349 /* photobackupTests.xctest */ = {isa = PBXFileReference; explicitFileType = wrapper.cfbundle; includeInIndex = 0; path = photobackupTests.xctest; sourceTree = BUILT_PRODUCTS_DIR; };
		9691D1F921477DE600C16349 /* photobackupTests.swift */ = {isa = PBXFileReference; lastKnownFileType = sourcecode.swift; path = photobackupTests.swift; sourceTree = "<group>"; };
		9691D1FB21477DE600C16349 /* Info.plist */ = {isa = PBXFileReference; lastKnownFileType = text.plist.xml; path = Info.plist; sourceTree = "<group>"; };
		9691D20021477DE600C16349 /* photobackupUITests.xctest */ = {isa = PBXFileReference; explicitFileType = wrapper.cfbundle; includeInIndex = 0; path = photobackupUITests.xctest; sourceTree = BUILT_PRODUCTS_DIR; };
		9691D20421477DE600C16349 /* photobackupUITests.swift */ = {isa = PBXFileReference; lastKnownFileType = sourcecode.swift; path = photobackupUITests.swift; sourceTree = "<group>"; };
		9691D20621477DE600C16349 /* Info.plist */ = {isa = PBXFileReference; lastKnownFileType = text.plist.xml; path = Info.plist; sourceTree = "<group>"; };
		9691D212214797D200C16349 /* Core.swift */ = {isa = PBXFileReference; lastKnownFileType = sourcecode.swift; path = Core.swift; sourceTree = "<group>"; };
		9691D2162149575F00C16349 /* ChecksumCollector.swift */ = {isa = PBXFileReference; lastKnownFileType = sourcecode.swift; path = ChecksumCollector.swift; sourceTree = "<group>"; };
		9691D21821495A2000C16349 /* BridgingHeader.h */ = {isa = PBXFileReference; lastKnownFileType = sourcecode.c.h; path = BridgingHeader.h; sourceTree = "<group>"; };
		9691D21A214A19BF00C16349 /* DeviceId.swift */ = {isa = PBXFileReference; fileEncoding = 4; lastKnownFileType = sourcecode.swift; path = DeviceId.swift; sourceTree = "<group>"; };
		9691D21B214A19BF00C16349 /* ResourcePresent.swift */ = {isa = PBXFileReference; fileEncoding = 4; lastKnownFileType = sourcecode.swift; path = ResourcePresent.swift; sourceTree = "<group>"; };
		9691D21C214A19BF00C16349 /* AssetDescription.swift */ = {isa = PBXFileReference; fileEncoding = 4; lastKnownFileType = sourcecode.swift; path = AssetDescription.swift; sourceTree = "<group>"; };
		9691D21D214A19BF00C16349 /* Checksum.swift */ = {isa = PBXFileReference; fileEncoding = 4; lastKnownFileType = sourcecode.swift; path = Checksum.swift; sourceTree = "<group>"; };
		9691D21F214A19BF00C16349 /* ImageUploadResponse.swift */ = {isa = PBXFileReference; fileEncoding = 4; lastKnownFileType = sourcecode.swift; path = ImageUploadResponse.swift; sourceTree = "<group>"; };
		9691D227214A38A700C16349 /* InvalidArgument.swift */ = {isa = PBXFileReference; lastKnownFileType = sourcecode.swift; path = InvalidArgument.swift; sourceTree = "<group>"; };
		9691D229214A397300C16349 /* CheckSize.swift */ = {isa = PBXFileReference; lastKnownFileType = sourcecode.swift; path = CheckSize.swift; sourceTree = "<group>"; };
		9691D22B214A3B8700C16349 /* Block.swift */ = {isa = PBXFileReference; lastKnownFileType = sourcecode.swift; path = Block.swift; sourceTree = "<group>"; };
		9691D22D214A49C600C16349 /* DateConversion.swift */ = {isa = PBXFileReference; lastKnownFileType = sourcecode.swift; path = DateConversion.swift; sourceTree = "<group>"; };
		9691D22F214A54F500C16349 /* AssetCollector.swift */ = {isa = PBXFileReference; lastKnownFileType = sourcecode.swift; path = AssetCollector.swift; sourceTree = "<group>"; };
		9691D231214A554300C16349 /* Asset.swift */ = {isa = PBXFileReference; lastKnownFileType = sourcecode.swift; path = Asset.swift; sourceTree = "<group>"; };
		9691D234214A5A9700C16349 /* Resource.swift */ = {isa = PBXFileReference; lastKnownFileType = sourcecode.swift; path = Resource.swift; sourceTree = "<group>"; };
		9691D236214A740D00C16349 /* PhotoKitEnums.swift */ = {isa = PBXFileReference; lastKnownFileType = sourcecode.swift; path = PhotoKitEnums.swift; sourceTree = "<group>"; };
		9691D238214A888100C16349 /* AssetReport.swift */ = {isa = PBXFileReference; lastKnownFileType = sourcecode.swift; path = AssetReport.swift; sourceTree = "<group>"; };
		9691D23A214AC44C00C16349 /* MissingAssets.swift */ = {isa = PBXFileReference; lastKnownFileType = sourcecode.swift; path = MissingAssets.swift; sourceTree = "<group>"; };
		9691D23C214BBDF100C16349 /* ResourceDescription.swift */ = {isa = PBXFileReference; fileEncoding = 4; lastKnownFileType = sourcecode.swift; path = ResourceDescription.swift; sourceTree = "<group>"; };
		9691D23E214BCA5E00C16349 /* NumberConversion.swift */ = {isa = PBXFileReference; lastKnownFileType = sourcecode.swift; path = NumberConversion.swift; sourceTree = "<group>"; };
		9691D240214BE67600C16349 /* Hashing.swift */ = {isa = PBXFileReference; lastKnownFileType = sourcecode.swift; path = Hashing.swift; sourceTree = "<group>"; };
/* End PBXFileReference section */

/* Begin PBXFrameworksBuildPhase section */
		9691D1DE21477DE600C16349 /* Frameworks */ = {
			isa = PBXFrameworksBuildPhase;
			buildActionMask = 2147483647;
			files = (
			);
			runOnlyForDeploymentPostprocessing = 0;
		};
		9691D1F221477DE600C16349 /* Frameworks */ = {
			isa = PBXFrameworksBuildPhase;
			buildActionMask = 2147483647;
			files = (
			);
			runOnlyForDeploymentPostprocessing = 0;
		};
		9691D1FD21477DE600C16349 /* Frameworks */ = {
			isa = PBXFrameworksBuildPhase;
			buildActionMask = 2147483647;
			files = (
			);
			runOnlyForDeploymentPostprocessing = 0;
		};
/* End PBXFrameworksBuildPhase section */

/* Begin PBXGroup section */
		9691D1D821477DE600C16349 = {
			isa = PBXGroup;
			children = (
				963DC8E622884BD9006D8821 /* privacy.md */,
				968F35F922561E1E001A8BFE /* PhotoBackup.xcdatamodeld */,
				9691D233214A554C00C16349 /* assets */,
				9691D226214A387100C16349 /* basics */,
				9691D219214A186B00C16349 /* api */,
				9691D1E321477DE600C16349 /* photobackup */,
				9691D1F821477DE600C16349 /* photobackupTests */,
				9691D20321477DE600C16349 /* photobackupUITests */,
				9691D1E221477DE600C16349 /* Products */,
			);
			sourceTree = "<group>";
		};
		9691D1E221477DE600C16349 /* Products */ = {
			isa = PBXGroup;
			children = (
				9691D1E121477DE600C16349 /* photobackup.app */,
				9691D1F521477DE600C16349 /* photobackupTests.xctest */,
				9691D20021477DE600C16349 /* photobackupUITests.xctest */,
			);
			name = Products;
			sourceTree = "<group>";
		};
		9691D1E321477DE600C16349 /* photobackup */ = {
			isa = PBXGroup;
			children = (
				9691D1E421477DE600C16349 /* AppDelegate.swift */,
				9691D1E621477DE600C16349 /* MainViewController.swift */,
				963DB8112185CB87005A6CC1 /* SettingsViewController.swift */,
				9691D1E821477DE600C16349 /* Main.storyboard */,
				9691D1EB21477DE600C16349 /* Assets.xcassets */,
				9691D1ED21477DE600C16349 /* LaunchScreen.storyboard */,
				9691D1F021477DE600C16349 /* Info.plist */,
				9691D212214797D200C16349 /* Core.swift */,
				9691D21821495A2000C16349 /* BridgingHeader.h */,
				963DB8132185CFDA005A6CC1 /* Settings.swift */,
				965199A6225B3D9C0017AF5F /* Persistence.swift */,
			);
			path = photobackup;
			sourceTree = "<group>";
		};
		9691D1F821477DE600C16349 /* photobackupTests */ = {
			isa = PBXGroup;
			children = (
				9691D1F921477DE600C16349 /* photobackupTests.swift */,
				9691D1FB21477DE600C16349 /* Info.plist */,
			);
			path = photobackupTests;
			sourceTree = "<group>";
		};
		9691D20321477DE600C16349 /* photobackupUITests */ = {
			isa = PBXGroup;
			children = (
				9691D20421477DE600C16349 /* photobackupUITests.swift */,
				9691D20621477DE600C16349 /* Info.plist */,
			);
			path = photobackupUITests;
			sourceTree = "<group>";
		};
		9691D219214A186B00C16349 /* api */ = {
			isa = PBXGroup;
			children = (
				9691D21D214A19BF00C16349 /* Checksum.swift */,
				9691D21A214A19BF00C16349 /* DeviceId.swift */,
				9691D23C214BBDF100C16349 /* ResourceDescription.swift */,
				9691D21B214A19BF00C16349 /* ResourcePresent.swift */,
				9691D21C214A19BF00C16349 /* AssetDescription.swift */,
				9691D21F214A19BF00C16349 /* ImageUploadResponse.swift */,
				9691D238214A888100C16349 /* AssetReport.swift */,
				9691D23A214AC44C00C16349 /* MissingAssets.swift */,
			);
			path = api;
			sourceTree = "<group>";
		};
		9691D226214A387100C16349 /* basics */ = {
			isa = PBXGroup;
			children = (
				9691D227214A38A700C16349 /* InvalidArgument.swift */,
				9691D229214A397300C16349 /* CheckSize.swift */,
				9691D22B214A3B8700C16349 /* Block.swift */,
				9691D22D214A49C600C16349 /* DateConversion.swift */,
				9691D236214A740D00C16349 /* PhotoKitEnums.swift */,
				9691D23E214BCA5E00C16349 /* NumberConversion.swift */,
				9691D240214BE67600C16349 /* Hashing.swift */,
			);
			path = basics;
			sourceTree = "<group>";
		};
		9691D233214A554C00C16349 /* assets */ = {
			isa = PBXGroup;
			children = (
				9691D2162149575F00C16349 /* ChecksumCollector.swift */,
				9691D22F214A54F500C16349 /* AssetCollector.swift */,
				9691D231214A554300C16349 /* Asset.swift */,
				9691D234214A5A9700C16349 /* Resource.swift */,
				96253BC7215642A9005D9F56 /* ResourceCollector.swift */,
			);
			path = assets;
			sourceTree = "<group>";
		};
/* End PBXGroup section */

/* Begin PBXNativeTarget section */
		9691D1E021477DE600C16349 /* photobackup */ = {
			isa = PBXNativeTarget;
			buildConfigurationList = 9691D20921477DE600C16349 /* Build configuration list for PBXNativeTarget "photobackup" */;
			buildPhases = (
				9691D1DD21477DE600C16349 /* Sources */,
				9691D1DE21477DE600C16349 /* Frameworks */,
				9691D1DF21477DE600C16349 /* Resources */,
			);
			buildRules = (
			);
			dependencies = (
			);
			name = photobackup;
			productName = photobackup;
			productReference = 9691D1E121477DE600C16349 /* photobackup.app */;
			productType = "com.apple.product-type.application";
		};
		9691D1F421477DE600C16349 /* photobackupTests */ = {
			isa = PBXNativeTarget;
			buildConfigurationList = 9691D20C21477DE600C16349 /* Build configuration list for PBXNativeTarget "photobackupTests" */;
			buildPhases = (
				9691D1F121477DE600C16349 /* Sources */,
				9691D1F221477DE600C16349 /* Frameworks */,
				9691D1F321477DE600C16349 /* Resources */,
			);
			buildRules = (
			);
			dependencies = (
				9691D1F721477DE600C16349 /* PBXTargetDependency */,
			);
			name = photobackupTests;
			productName = photobackupTests;
			productReference = 9691D1F521477DE600C16349 /* photobackupTests.xctest */;
			productType = "com.apple.product-type.bundle.unit-test";
		};
		9691D1FF21477DE600C16349 /* photobackupUITests */ = {
			isa = PBXNativeTarget;
			buildConfigurationList = 9691D20F21477DE600C16349 /* Build configuration list for PBXNativeTarget "photobackupUITests" */;
			buildPhases = (
				9691D1FC21477DE600C16349 /* Sources */,
				9691D1FD21477DE600C16349 /* Frameworks */,
				9691D1FE21477DE600C16349 /* Resources */,
			);
			buildRules = (
			);
			dependencies = (
				9691D20221477DE600C16349 /* PBXTargetDependency */,
			);
			name = photobackupUITests;
			productName = photobackupUITests;
			productReference = 9691D20021477DE600C16349 /* photobackupUITests.xctest */;
			productType = "com.apple.product-type.bundle.ui-testing";
		};
/* End PBXNativeTarget section */

/* Begin PBXProject section */
		9691D1D921477DE600C16349 /* Project object */ = {
			isa = PBXProject;
			attributes = {
				LastSwiftUpdateCheck = 0940;
				LastUpgradeCheck = 0940;
				ORGANIZATIONNAME = "Sebastian Bohmann";
				TargetAttributes = {
					9691D1E021477DE600C16349 = {
						CreatedOnToolsVersion = 9.4.1;
					};
					9691D1F421477DE600C16349 = {
						CreatedOnToolsVersion = 9.4.1;
						TestTargetID = 9691D1E021477DE600C16349;
					};
					9691D1FF21477DE600C16349 = {
						CreatedOnToolsVersion = 9.4.1;
						TestTargetID = 9691D1E021477DE600C16349;
					};
				};
			};
			buildConfigurationList = 9691D1DC21477DE600C16349 /* Build configuration list for PBXProject "photobackup" */;
			compatibilityVersion = "Xcode 9.3";
			developmentRegion = en;
			hasScannedForEncodings = 0;
			knownRegions = (
				en,
				Base,
			);
			mainGroup = 9691D1D821477DE600C16349;
			productRefGroup = 9691D1E221477DE600C16349 /* Products */;
			projectDirPath = "";
			projectRoot = "";
			targets = (
				9691D1E021477DE600C16349 /* photobackup */,
				9691D1F421477DE600C16349 /* photobackupTests */,
				9691D1FF21477DE600C16349 /* photobackupUITests */,
			);
		};
/* End PBXProject section */

/* Begin PBXResourcesBuildPhase section */
		9691D1DF21477DE600C16349 /* Resources */ = {
			isa = PBXResourcesBuildPhase;
			buildActionMask = 2147483647;
			files = (
				9691D1EF21477DE600C16349 /* LaunchScreen.storyboard in Resources */,
				9691D1EC21477DE600C16349 /* Assets.xcassets in Resources */,
				9691D1EA21477DE600C16349 /* Main.storyboard in Resources */,
			);
			runOnlyForDeploymentPostprocessing = 0;
		};
		9691D1F321477DE600C16349 /* Resources */ = {
			isa = PBXResourcesBuildPhase;
			buildActionMask = 2147483647;
			files = (
			);
			runOnlyForDeploymentPostprocessing = 0;
		};
		9691D1FE21477DE600C16349 /* Resources */ = {
			isa = PBXResourcesBuildPhase;
			buildActionMask = 2147483647;
			files = (
			);
			runOnlyForDeploymentPostprocessing = 0;
		};
/* End PBXResourcesBuildPhase section */

/* Begin PBXSourcesBuildPhase section */
		9691D1DD21477DE600C16349 /* Sources */ = {
			isa = PBXSourcesBuildPhase;
			buildActionMask = 2147483647;
			files = (
				968F35FB22561E1E001A8BFE /* PhotoBackup.xcdatamodeld in Sources */,
				9691D237214A740D00C16349 /* PhotoKitEnums.swift in Sources */,
				9691D222214A19C000C16349 /* AssetDescription.swift in Sources */,
				9691D241214BE67600C16349 /* Hashing.swift in Sources */,
				9691D23D214BBDF200C16349 /* ResourceDescription.swift in Sources */,
				9691D220214A19C000C16349 /* DeviceId.swift in Sources */,
				9691D1E721477DE600C16349 /* MainViewController.swift in Sources */,
				9691D221214A19C000C16349 /* ResourcePresent.swift in Sources */,
				9691D230214A54F500C16349 /* AssetCollector.swift in Sources */,
				965199A7225B3D9C0017AF5F /* Persistence.swift in Sources */,
				9691D1E521477DE600C16349 /* AppDelegate.swift in Sources */,
				963DB8142185CFDA005A6CC1 /* Settings.swift in Sources */,
				9691D213214797D200C16349 /* Core.swift in Sources */,
				9691D22A214A397300C16349 /* CheckSize.swift in Sources */,
				9691D223214A19C000C16349 /* Checksum.swift in Sources */,
				9691D23B214AC44C00C16349 /* MissingAssets.swift in Sources */,
				9691D232214A554300C16349 /* Asset.swift in Sources */,
				9691D225214A19C000C16349 /* ImageUploadResponse.swift in Sources */,
				9691D22C214A3B8700C16349 /* Block.swift in Sources */,
				9691D228214A38A700C16349 /* InvalidArgument.swift in Sources */,
				9691D2172149575F00C16349 /* ChecksumCollector.swift in Sources */,
				9691D23F214BCA5E00C16349 /* NumberConversion.swift in Sources */,
				9691D22E214A49C600C16349 /* DateConversion.swift in Sources */,
				96253BC8215642A9005D9F56 /* ResourceCollector.swift in Sources */,
				9691D239214A888100C16349 /* AssetReport.swift in Sources */,
				9691D235214A5A9700C16349 /* Resource.swift in Sources */,
				963DB8122185CB87005A6CC1 /* SettingsViewController.swift in Sources */,
			);
			runOnlyForDeploymentPostprocessing = 0;
		};
		9691D1F121477DE600C16349 /* Sources */ = {
			isa = PBXSourcesBuildPhase;
			buildActionMask = 2147483647;
			files = (
				9691D1FA21477DE600C16349 /* photobackupTests.swift in Sources */,
			);
			runOnlyForDeploymentPostprocessing = 0;
		};
		9691D1FC21477DE600C16349 /* Sources */ = {
			isa = PBXSourcesBuildPhase;
			buildActionMask = 2147483647;
			files = (
				9691D20521477DE600C16349 /* photobackupUITests.swift in Sources */,
			);
			runOnlyForDeploymentPostprocessing = 0;
		};
/* End PBXSourcesBuildPhase section */

/* Begin PBXTargetDependency section */
		9691D1F721477DE600C16349 /* PBXTargetDependency */ = {
			isa = PBXTargetDependency;
			target = 9691D1E021477DE600C16349 /* photobackup */;
			targetProxy = 9691D1F621477DE600C16349 /* PBXContainerItemProxy */;
		};
		9691D20221477DE600C16349 /* PBXTargetDependency */ = {
			isa = PBXTargetDependency;
			target = 9691D1E021477DE600C16349 /* photobackup */;
			targetProxy = 9691D20121477DE600C16349 /* PBXContainerItemProxy */;
		};
/* End PBXTargetDependency section */

/* Begin PBXVariantGroup section */
		9691D1E821477DE600C16349 /* Main.storyboard */ = {
			isa = PBXVariantGroup;
			children = (
				9691D1E921477DE600C16349 /* Base */,
			);
			name = Main.storyboard;
			sourceTree = "<group>";
		};
		9691D1ED21477DE600C16349 /* LaunchScreen.storyboard */ = {
			isa = PBXVariantGroup;
			children = (
				9691D1EE21477DE600C16349 /* Base */,
			);
			name = LaunchScreen.storyboard;
			sourceTree = "<group>";
		};
/* End PBXVariantGroup section */

/* Begin XCBuildConfiguration section */
		9691D20721477DE600C16349 /* Debug */ = {
			isa = XCBuildConfiguration;
			buildSettings = {
				ALWAYS_SEARCH_USER_PATHS = NO;
				CLANG_ANALYZER_NONNULL = YES;
				CLANG_ANALYZER_NUMBER_OBJECT_CONVERSION = YES_AGGRESSIVE;
				CLANG_CXX_LANGUAGE_STANDARD = "gnu++14";
				CLANG_CXX_LIBRARY = "libc++";
				CLANG_ENABLE_MODULES = YES;
				CLANG_ENABLE_OBJC_ARC = YES;
				CLANG_ENABLE_OBJC_WEAK = YES;
				CLANG_WARN_BLOCK_CAPTURE_AUTORELEASING = YES;
				CLANG_WARN_BOOL_CONVERSION = YES;
				CLANG_WARN_COMMA = YES;
				CLANG_WARN_CONSTANT_CONVERSION = YES;
				CLANG_WARN_DEPRECATED_OBJC_IMPLEMENTATIONS = YES;
				CLANG_WARN_DIRECT_OBJC_ISA_USAGE = YES_ERROR;
				CLANG_WARN_DOCUMENTATION_COMMENTS = YES;
				CLANG_WARN_EMPTY_BODY = YES;
				CLANG_WARN_ENUM_CONVERSION = YES;
				CLANG_WARN_INFINITE_RECURSION = YES;
				CLANG_WARN_INT_CONVERSION = YES;
				CLANG_WARN_NON_LITERAL_NULL_CONVERSION = YES;
				CLANG_WARN_OBJC_IMPLICIT_RETAIN_SELF = YES;
				CLANG_WARN_OBJC_LITERAL_CONVERSION = YES;
				CLANG_WARN_OBJC_ROOT_CLASS = YES_ERROR;
				CLANG_WARN_RANGE_LOOP_ANALYSIS = YES;
				CLANG_WARN_STRICT_PROTOTYPES = YES;
				CLANG_WARN_SUSPICIOUS_MOVE = YES;
				CLANG_WARN_UNGUARDED_AVAILABILITY = YES_AGGRESSIVE;
				CLANG_WARN_UNREACHABLE_CODE = YES;
				CLANG_WARN__DUPLICATE_METHOD_MATCH = YES;
				CODE_SIGN_IDENTITY = "iPhone Developer";
				COPY_PHASE_STRIP = NO;
				DEBUG_INFORMATION_FORMAT = dwarf;
				DEVELOPMENT_TEAM = 327TCYU8D4;
				ENABLE_STRICT_OBJC_MSGSEND = YES;
				ENABLE_TESTABILITY = YES;
				GCC_C_LANGUAGE_STANDARD = gnu11;
				GCC_DYNAMIC_NO_PIC = NO;
				GCC_NO_COMMON_BLOCKS = YES;
				GCC_OPTIMIZATION_LEVEL = 0;
				GCC_PREPROCESSOR_DEFINITIONS = (
					"DEBUG=1",
					"$(inherited)",
				);
				GCC_WARN_64_TO_32_BIT_CONVERSION = YES;
				GCC_WARN_ABOUT_RETURN_TYPE = YES_ERROR;
				GCC_WARN_UNDECLARED_SELECTOR = YES;
				GCC_WARN_UNINITIALIZED_AUTOS = YES_AGGRESSIVE;
				GCC_WARN_UNUSED_FUNCTION = YES;
				GCC_WARN_UNUSED_VARIABLE = YES;
				IPHONEOS_DEPLOYMENT_TARGET = 11.4;
				MTL_ENABLE_DEBUG_INFO = YES;
				ONLY_ACTIVE_ARCH = YES;
				SDKROOT = iphoneos;
				SWIFT_ACTIVE_COMPILATION_CONDITIONS = DEBUG;
				SWIFT_OBJC_BRIDGING_HEADER = photobackup/BridgingHeader.h;
				SWIFT_OPTIMIZATION_LEVEL = "-Onone";
			};
			name = Debug;
		};
		9691D20821477DE600C16349 /* Release */ = {
			isa = XCBuildConfiguration;
			buildSettings = {
				ALWAYS_SEARCH_USER_PATHS = NO;
				CLANG_ANALYZER_NONNULL = YES;
				CLANG_ANALYZER_NUMBER_OBJECT_CONVERSION = YES_AGGRESSIVE;
				CLANG_CXX_LANGUAGE_STANDARD = "gnu++14";
				CLANG_CXX_LIBRARY = "libc++";
				CLANG_ENABLE_MODULES = YES;
				CLANG_ENABLE_OBJC_ARC = YES;
				CLANG_ENABLE_OBJC_WEAK = YES;
				CLANG_WARN_BLOCK_CAPTURE_AUTORELEASING = YES;
				CLANG_WARN_BOOL_CONVERSION = YES;
				CLANG_WARN_COMMA = YES;
				CLANG_WARN_CONSTANT_CONVERSION = YES;
				CLANG_WARN_DEPRECATED_OBJC_IMPLEMENTATIONS = YES;
				CLANG_WARN_DIRECT_OBJC_ISA_USAGE = YES_ERROR;
				CLANG_WARN_DOCUMENTATION_COMMENTS = YES;
				CLANG_WARN_EMPTY_BODY = YES;
				CLANG_WARN_ENUM_CONVERSION = YES;
				CLANG_WARN_INFINITE_RECURSION = YES;
				CLANG_WARN_INT_CONVERSION = YES;
				CLANG_WARN_NON_LITERAL_NULL_CONVERSION = YES;
				CLANG_WARN_OBJC_IMPLICIT_RETAIN_SELF = YES;
				CLANG_WARN_OBJC_LITERAL_CONVERSION = YES;
				CLANG_WARN_OBJC_ROOT_CLASS = YES_ERROR;
				CLANG_WARN_RANGE_LOOP_ANALYSIS = YES;
				CLANG_WARN_STRICT_PROTOTYPES = YES;
				CLANG_WARN_SUSPICIOUS_MOVE = YES;
				CLANG_WARN_UNGUARDED_AVAILABILITY = YES_AGGRESSIVE;
				CLANG_WARN_UNREACHABLE_CODE = YES;
				CLANG_WARN__DUPLICATE_METHOD_MATCH = YES;
				CODE_SIGN_IDENTITY = "iPhone Developer";
				COPY_PHASE_STRIP = NO;
				DEBUG_INFORMATION_FORMAT = "dwarf-with-dsym";
				DEVELOPMENT_TEAM = 327TCYU8D4;
				ENABLE_NS_ASSERTIONS = NO;
				ENABLE_STRICT_OBJC_MSGSEND = YES;
				GCC_C_LANGUAGE_STANDARD = gnu11;
				GCC_NO_COMMON_BLOCKS = YES;
				GCC_WARN_64_TO_32_BIT_CONVERSION = YES;
				GCC_WARN_ABOUT_RETURN_TYPE = YES_ERROR;
				GCC_WARN_UNDECLARED_SELECTOR = YES;
				GCC_WARN_UNINITIALIZED_AUTOS = YES_AGGRESSIVE;
				GCC_WARN_UNUSED_FUNCTION = YES;
				GCC_WARN_UNUSED_VARIABLE = YES;
				IPHONEOS_DEPLOYMENT_TARGET = 11.4;
				MTL_ENABLE_DEBUG_INFO = NO;
				SDKROOT = iphoneos;
				SWIFT_COMPILATION_MODE = wholemodule;
				SWIFT_OBJC_BRIDGING_HEADER = photobackup/BridgingHeader.h;
				SWIFT_OPTIMIZATION_LEVEL = "-O";
				VALIDATE_PRODUCT = YES;
			};
			name = Release;
		};
		9691D20A21477DE600C16349 /* Debug */ = {
			isa = XCBuildConfiguration;
			buildSettings = {
				ASSETCATALOG_COMPILER_APPICON_NAME = AppIcon;
				CODE_SIGN_STYLE = Automatic;
				INFOPLIST_FILE = photobackup/Info.plist;
				IPHONEOS_DEPLOYMENT_TARGET = 10.2;
				LD_RUNPATH_SEARCH_PATHS = (
					"$(inherited)",
					"@executable_path/Frameworks",
				);
				PRODUCT_BUNDLE_IDENTIFIER = at.yeoman.photobackup;
				PRODUCT_NAME = "$(TARGET_NAME)";
				SWIFT_VERSION = 4.0;
				TARGETED_DEVICE_FAMILY = "1,2";
			};
			name = Debug;
		};
		9691D20B21477DE600C16349 /* Release */ = {
			isa = XCBuildConfiguration;
			buildSettings = {
				ASSETCATALOG_COMPILER_APPICON_NAME = AppIcon;
				CODE_SIGN_STYLE = Automatic;
				INFOPLIST_FILE = photobackup/Info.plist;
				IPHONEOS_DEPLOYMENT_TARGET = 10.2;
				LD_RUNPATH_SEARCH_PATHS = (
					"$(inherited)",
					"@executable_path/Frameworks",
				);
				PRODUCT_BUNDLE_IDENTIFIER = at.yeoman.photobackup;
				PRODUCT_NAME = "$(TARGET_NAME)";
				SWIFT_VERSION = 4.0;
				TARGETED_DEVICE_FAMILY = "1,2";
			};
			name = Release;
		};
		9691D20D21477DE600C16349 /* Debug */ = {
			isa = XCBuildConfiguration;
			buildSettings = {
				ALWAYS_EMBED_SWIFT_STANDARD_LIBRARIES = YES;
				BUNDLE_LOADER = "$(TEST_HOST)";
				CODE_SIGN_STYLE = Automatic;
				INFOPLIST_FILE = photobackupTests/Info.plist;
				LD_RUNPATH_SEARCH_PATHS = (
					"$(inherited)",
					"@executable_path/Frameworks",
					"@loader_path/Frameworks",
				);
				PRODUCT_BUNDLE_IDENTIFIER = at.yeoman.photobackupTests;
				PRODUCT_NAME = "$(TARGET_NAME)";
				SWIFT_VERSION = 4.0;
				TARGETED_DEVICE_FAMILY = "1,2";
				TEST_HOST = "$(BUILT_PRODUCTS_DIR)/photobackup.app/photobackup";
			};
			name = Debug;
		};
		9691D20E21477DE600C16349 /* Release */ = {
			isa = XCBuildConfiguration;
			buildSettings = {
				ALWAYS_EMBED_SWIFT_STANDARD_LIBRARIES = YES;
				BUNDLE_LOADER = "$(TEST_HOST)";
				CODE_SIGN_STYLE = Automatic;
				INFOPLIST_FILE = photobackupTests/Info.plist;
				LD_RUNPATH_SEARCH_PATHS = (
					"$(inherited)",
					"@executable_path/Frameworks",
					"@loader_path/Frameworks",
				);
				PRODUCT_BUNDLE_IDENTIFIER = at.yeoman.photobackupTests;
				PRODUCT_NAME = "$(TARGET_NAME)";
				SWIFT_VERSION = 4.0;
				TARGETED_DEVICE_FAMILY = "1,2";
				TEST_HOST = "$(BUILT_PRODUCTS_DIR)/photobackup.app/photobackup";
			};
			name = Release;
		};
		9691D21021477DE600C16349 /* Debug */ = {
			isa = XCBuildConfiguration;
			buildSettings = {
				ALWAYS_EMBED_SWIFT_STANDARD_LIBRARIES = YES;
				CODE_SIGN_STYLE = Automatic;
				INFOPLIST_FILE = photobackupUITests/Info.plist;
				LD_RUNPATH_SEARCH_PATHS = (
					"$(inherited)",
					"@executable_path/Frameworks",
					"@loader_path/Frameworks",
				);
				PRODUCT_BUNDLE_IDENTIFIER = at.yeoman.photobackupUITests;
				PRODUCT_NAME = "$(TARGET_NAME)";
				SWIFT_VERSION = 4.0;
				TARGETED_DEVICE_FAMILY = "1,2";
				TEST_TARGET_NAME = photobackup;
			};
			name = Debug;
		};
		9691D21121477DE600C16349 /* Release */ = {
			isa = XCBuildConfiguration;
			buildSettings = {
				ALWAYS_EMBED_SWIFT_STANDARD_LIBRARIES = YES;
				CODE_SIGN_STYLE = Automatic;
				INFOPLIST_FILE = photobackupUITests/Info.plist;
				LD_RUNPATH_SEARCH_PATHS = (
					"$(inherited)",
					"@executable_path/Frameworks",
					"@loader_path/Frameworks",
				);
				PRODUCT_BUNDLE_IDENTIFIER = at.yeoman.photobackupUITests;
				PRODUCT_NAME = "$(TARGET_NAME)";
				SWIFT_VERSION = 4.0;
				TARGETED_DEVICE_FAMILY = "1,2";
				TEST_TARGET_NAME = photobackup;
			};
			name = Release;
		};
/* End XCBuildConfiguration section */

/* Begin XCConfigurationList section */
		9691D1DC21477DE600C16349 /* Build configuration list for PBXProject "photobackup" */ = {
			isa = XCConfigurationList;
			buildConfigurations = (
				9691D20721477DE600C16349 /* Debug */,
				9691D20821477DE600C16349 /* Release */,
			);
			defaultConfigurationIsVisible = 0;
			defaultConfigurationName = Release;
		};
		9691D20921477DE600C16349 /* Build configuration list for PBXNativeTarget "photobackup" */ = {
			isa = XCConfigurationList;
			buildConfigurations = (
				9691D20A21477DE600C16349 /* Debug */,
				9691D20B21477DE600C16349 /* Release */,
			);
			defaultConfigurationIsVisible = 0;
			defaultConfigurationName = Release;
		};
		9691D20C21477DE600C16349 /* Build configuration list for PBXNativeTarget "photobackupTests" */ = {
			isa = XCConfigurationList;
			buildConfigurations = (
				9691D20D21477DE600C16349 /* Debug */,
				9691D20E21477DE600C16349 /* Release */,
			);
			defaultConfigurationIsVisible = 0;
			defaultConfigurationName = Release;
		};
		9691D20F21477DE600C16349 /* Build configuration list for PBXNativeTarget "photobackupUITests" */ = {
			isa = XCConfigurationList;
			buildConfigurations = (
				9691D21021477DE600C16349 /* Debug */,
				9691D21121477DE600C16349 /* Release */,
			);
			defaultConfigurationIsVisible = 0;
			defaultConfigurationName = Release;
		};
/* End XCConfigurationList section */

/* Begin XCVersionGroup section */
		968F35F922561E1E001A8BFE /* PhotoBackup.xcdatamodeld */ = {
			isa = XCVersionGroup;
			children = (
				968F35FA22561E1E001A8BFE /* photo_backup.xcdatamodel */,
			);
			currentVersion = 968F35FA22561E1E001A8BFE /* photo_backup.xcdatamodel */;
			path = PhotoBackup.xcdatamodeld;
			sourceTree = "<group>";
			versionGroupType = wrapper.xcdatamodel;
		};
/* End XCVersionGroup section */
	};
	rootObject = 9691D1D921477DE600C16349 /* Project object */;
}
